<?xml version="1.0" encoding="utf-8"?>
<Project ToolsVersion="4.0" xmlns="http://schemas.microsoft.com/developer/msbuild/2003">
  <ItemGroup>
    <Filter Include="OperatorOverloading">
      <UniqueIdentifier>{0ef3831d-20eb-4515-85ff-d91b429f723a}</UniqueIdentifier>
    </Filter>
  </ItemGroup>
  <ItemGroup>
    <ClCompile Include="Operator_Overloading\1_intPlus.cpp">
      <Filter>OperatorOverloading</Filter>
    </ClCompile>
    <ClCompile Include="Operator_Overloading\4_PlusOperatorDefine.cpp">
      <Filter>OperatorOverloading</Filter>
    </ClCompile>
    <ClCompile Include="Operator_Overloading\6_PlusOperatorFuncion.cpp">
      <Filter>OperatorOverloading</Filter>
    </ClCompile>
    <ClCompile Include="Operator_Overloading\8_PlusPlusOperation.cpp">
      <Filter>OperatorOverloading</Filter>
    </ClCompile>
    <ClCompile Include="Operator_Overloading\9_%27--%27OperationOverloading.cpp">
      <Filter>OperatorOverloading</Filter>
    </ClCompile>
    <ClCompile Include="Operator_Overloading\10_%27==%27OperationOverloading.cpp">
      <Filter>OperatorOverloading</Filter>
    </ClCompile>
    <ClCompile Include="Operator_Overloading\11_%27!=%27OperationOverloading.cpp">
      <Filter>OperatorOverloading</Filter>
    </ClCompile>
    <ClCompile Include="Operator_Overloading\12_MemberFunctionOP%27-%27Overloading.cpp">
      <Filter>OperatorOverloading</Filter>
    </ClCompile>
    <ClCompile Include="Operator_Overloading\13_GlobalFunctionOP%27-%27Overloading.cpp">
      <Filter>OperatorOverloading</Filter>
    </ClCompile>
    <ClCompile Include="Operator_Overloading\14_PrintINT.cpp">
      <Filter>OperatorOverloading</Filter>
    </ClCompile>
    <ClCompile Include="Operator_Overloading\15_FuncOverloading.cpp">
      <Filter>OperatorOverloading</Filter>
    </ClCompile>
    <ClCompile Include="Operator_Overloading\16_ArrayIndexOperOverloading.cpp">
      <Filter>OperatorOverloading</Filter>
    </ClCompile>
    <ClCompile Include="Operator_Overloading\17_INTSavingArray.cpp">
      <Filter>OperatorOverloading</Filter>
    </ClCompile>
  </ItemGroup>
</Project>