
Microsoft Visual Studio Solution File, Format Version 12.00
# Visual Studio Version 16
VisualStudioVersion = 16.0.31613.86
MinimumVisualStudioVersion = 10.0.40219.1
Project("{8BC9CEB8-8B4A-11D0-8D11-00A0C91BC942}") = "Beginning C++17 From Novice to Professional", "Beginning C++17 From Novice to Professional.vcxproj", "{C1BCBF6D-31BE-4FE5-8868-1D5D2428C2DF}"
EndProject
Global
	GlobalSection(SolutionConfigurationPlatforms) = preSolution
		Debug|x64 = Debug|x64
		Debug|x86 = Debug|x86
		Release|x64 = Release|x64
		Release|x86 = Release|x86
	EndGlobalSection
	GlobalSection(ProjectConfigurationPlatforms) = postSolution
		{C1BCBF6D-31BE-4FE5-8868-1D5D2428C2DF}.Debug|x64.ActiveCfg = Debug|x64
		{C1BCBF6D-31BE-4FE5-8868-1D5D2428C2DF}.Debug|x64.Build.0 = Debug|x64
		{C1BCBF6D-31BE-4FE5-8868-1D5D2428C2DF}.Debug|x86.ActiveCfg = Debug|Win32
		{C1BCBF6D-31BE-4FE5-8868-1D5D2428C2DF}.Debug|x86.Build.0 = Debug|Win32
		{C1BCBF6D-31BE-4FE5-8868-1D5D2428C2DF}.Release|x64.ActiveCfg = Release|x64
		{C1BCBF6D-31BE-4FE5-8868-1D5D2428C2DF}.Release|x64.Build.0 = Release|x64
		{C1BCBF6D-31BE-4FE5-8868-1D5D2428C2DF}.Release|x86.ActiveCfg = Release|Win32
		{C1BCBF6D-31BE-4FE5-8868-1D5D2428C2DF}.Release|x86.Build.0 = Release|Win32
	EndGlobalSection
	GlobalSection(SolutionProperties) = preSolution
		HideSolutionNode = FALSE
	EndGlobalSection
	GlobalSection(ExtensibilityGlobals) = postSolution
		SolutionGuid = {C8B0E662-66A2-4758-A702-5AA4EE1E864E}
	EndGlobalSection
EndGlobal
