<?xml version="1.0" encoding="utf-8"?>
<Project ToolsVersion="4.0" xmlns="http://schemas.microsoft.com/developer/msbuild/2003">
  <ItemGroup>
    <Filter Include="Source Files">
      <UniqueIdentifier>{4FC737F1-C7A5-4376-A066-2A32D752A2FF}</UniqueIdentifier>
      <Extensions>cpp;c;cc;cxx;c++;cppm;ixx;def;odl;idl;hpj;bat;asm;asmx</Extensions>
    </Filter>
    <Filter Include="Source Files\01_Bascie_Ideas">
      <UniqueIdentifier>{dba30033-a576-4977-b028-8d843818e337}</UniqueIdentifier>
    </Filter>
    <Filter Include="Source Files\02_Introducting_Functional_Type_of_Data">
      <UniqueIdentifier>{f5bb5828-59e1-456f-80b8-c11b5c4a716a}</UniqueIdentifier>
    </Filter>
    <Filter Include="Source Files\03_Working_with_Fundamental_Data_Types">
      <UniqueIdentifier>{9c6c1342-b8de-4d4b-80eb-31bb5a88511d}</UniqueIdentifier>
    </Filter>
    <Filter Include="Source Files\04_Making_Decisions">
      <UniqueIdentifier>{73263b6c-932a-4fcf-a294-854596d9c183}</UniqueIdentifier>
    </Filter>
    <Filter Include="Source Files\05_Arrays_and_Loops">
      <UniqueIdentifier>{53e4100b-55df-4abb-9444-49f94e322c77}</UniqueIdentifier>
    </Filter>
  </ItemGroup>
  <ItemGroup>
    <ClCompile Include="Source\01_Basic_Ideas\02_Using_escape_sequences.cpp">
      <Filter>Source Files\01_Bascie_Ideas</Filter>
    </ClCompile>
    <ClCompile Include="Source\01_Basic_Ideas\01_A_complete_Cpp_program.cpp">
      <Filter>Source Files\01_Bascie_Ideas</Filter>
    </ClCompile>
    <ClCompile Include="Source\02_Introducting_Functional_Type_of_Data\01_Writing_values_of_variables_to_cout.cpp">
      <Filter>Source Files\02_Introducting_Functional_Type_of_Data</Filter>
    </ClCompile>
    <ClCompile Include="Source\02_Introducting_Functional_Type_of_Data\02_Converting_distances.cpp">
      <Filter>Source Files\02_Introducting_Functional_Type_of_Data</Filter>
    </ClCompile>
    <ClCompile Include="Source\02_Introducting_Functional_Type_of_Data\03_Sizing_a_pond_for_happy_fish.cpp">
      <Filter>Source Files\02_Introducting_Functional_Type_of_Data</Filter>
    </ClCompile>
    <ClCompile Include="Source\02_Introducting_Functional_Type_of_Data\04_Using_explicit_type_conversions.cpp">
      <Filter>Source Files\02_Introducting_Functional_Type_of_Data</Filter>
    </ClCompile>
    <ClCompile Include="Source\02_Introducting_Functional_Type_of_Data\05_Finding_maximum_and_minimum_values_for_data_types.cpp">
      <Filter>Source Files\02_Introducting_Functional_Type_of_Data</Filter>
    </ClCompile>
    <ClCompile Include="Source\03_Working_with_Fundamental_Data_Types\01_Using_the_bitwise_operators.cpp">
      <Filter>Source Files\03_Working_with_Fundamental_Data_Types</Filter>
    </ClCompile>
    <ClCompile Include="Source\03_Working_with_Fundamental_Data_Types\02_Operations_with_enumerations.cpp">
      <Filter>Source Files\03_Working_with_Fundamental_Data_Types</Filter>
    </ClCompile>
    <ClCompile Include="Source\03_Working_with_Fundamental_Data_Types\03_Demonstrating_scope-lifetime-global_variables.cpp">
      <Filter>Source Files\03_Working_with_Fundamental_Data_Types</Filter>
    </ClCompile>
    <ClCompile Include="Source\04_Making_Decisions\01_Comparing_data_values.cpp">
      <Filter>Source Files\04_Making_Decisions</Filter>
    </ClCompile>
    <ClCompile Include="Source\04_Making_Decisions\02_Using_an_if_statement.cpp">
      <Filter>Source Files\04_Making_Decisions</Filter>
    </ClCompile>
    <ClCompile Include="Source\04_Making_Decisions\03_Using_a_nested_if.cpp">
      <Filter>Source Files\04_Making_Decisions</Filter>
    </ClCompile>
    <ClCompile Include="Source\04_Making_Decisions\04_Using_the_if-else_statement.cpp">
      <Filter>Source Files\04_Making_Decisions</Filter>
    </ClCompile>
    <ClCompile Include="Source\04_Making_Decisions\05_Combining_logical_operatiors_for_loan_approval.cpp">
      <Filter>Source Files\04_Making_Decisions</Filter>
    </ClCompile>
    <ClCompile Include="Source\04_Making_Decisions\06_Using_the_conditional_operator_to_select_output.cpp">
      <Filter>Source Files\04_Making_Decisions</Filter>
    </ClCompile>
    <ClCompile Include="Source\04_Making_Decisions\07_Using_the_switch_statement.cpp">
      <Filter>Source Files\04_Making_Decisions</Filter>
    </ClCompile>
    <ClCompile Include="Source\04_Making_Decisions\08_Multiple_case_actions.cpp">
      <Filter>Source Files\04_Making_Decisions</Filter>
    </ClCompile>
    <ClCompile Include="Source\05_Arrays_and_Loops\01_Using_a_for_loop_with_an_array.cpp">
      <Filter>Source Files\05_Arrays_and_Loops</Filter>
    </ClCompile>
    <ClCompile Include="Source\05_Arrays_and_Loops\02_Obtaining_the_number_of_array_elements.cpp">
      <Filter>Source Files\05_Arrays_and_Loops</Filter>
    </ClCompile>
    <ClCompile Include="Source\05_Arrays_and_Loops\03_Floating-point_control_in_a_for_loop.cpp">
      <Filter>Source Files\05_Arrays_and_Loops</Filter>
    </ClCompile>
    <ClCompile Include="Source\05_Arrays_and_Loops\04_Multiple_initializations_in_a_loop_expression.cpp">
      <Filter>Source Files\05_Arrays_and_Loops</Filter>
    </ClCompile>
    <ClCompile Include="Source\05_Arrays_and_Loops\05_Using_a_while_loop.cpp">
      <Filter>Source Files\05_Arrays_and_Loops</Filter>
    </ClCompile>
    <ClCompile Include="Source\05_Arrays_and_Loops\06_Using_a_do-while_loop_to_manage_input.cpp">
      <Filter>Source Files\05_Arrays_and_Loops</Filter>
    </ClCompile>
  </ItemGroup>
</Project>